
Microsoft Visual Studio Solution File, Format Version 12.00
# Visual Studio Version 17
VisualStudioVersion = 17.8.34330.188
MinimumVisualStudioVersion = 10.0.40219.1
Project("{FAE04EC0-301F-11D3-BF4B-00C04F79EFBC}") = "practiceABOBA", "practiceABOBA\practiceABOBA.csproj", "{12E81FFA-8514-431B-8617-E3611AA437AE}"
EndProject
Global
	GlobalSection(SolutionConfigurationPlatforms) = preSolution
		Debug|Any CPU = Debug|Any CPU
		Release|Any CPU = Release|Any CPU
	EndGlobalSection
	GlobalSection(ProjectConfigurationPlatforms) = postSolution
		{12E81FFA-8514-431B-8617-E3611AA437AE}.Debug|Any CPU.ActiveCfg = Debug|Any CPU
		{12E81FFA-8514-431B-8617-E3611AA437AE}.Debug|Any CPU.Build.0 = Debug|Any CPU
		{12E81FFA-8514-431B-8617-E3611AA437AE}.Release|Any CPU.ActiveCfg = Release|Any CPU
		{12E81FFA-8514-431B-8617-E3611AA437AE}.Release|Any CPU.Build.0 = Release|Any CPU
	EndGlobalSection
	GlobalSection(SolutionProperties) = preSolution
		HideSolutionNode = FALSE
	EndGlobalSection
	GlobalSection(ExtensibilityGlobals) = postSolution
		SolutionGuid = {93276A8E-D319-4BD7-929F-29CED7D9B28D}
	EndGlobalSection
EndGlobal
